{
  "name": "VIA",
  "lockfileVersion": 3,
  "requires": true,
  "packages": {
    "": {
      "name": "VIA",
      "dependencies": {
        "@glidejs/glide": "^3.7.1",
        "sweetalert2": "^11.22.0"
      }
    },
    "node_modules/@glidejs/glide": {
      "version": "3.7.1",
      "resolved": "https://registry.npmjs.org/@glidejs/glide/-/glide-3.7.1.tgz",
      "integrity": "sha512-8he0pZpLSqTesSFYiuWdhBmtdlYSPWxfPUCKtkkiX6ZmT8UdMdmoFPtJaOwLBXv4p2JiGxqbuPdiRGGo2e/htQ==",
      "license": "MIT"
    },
    "node_modules/sweetalert2": {
      "version": "11.22.1",
      "resolved": "https://registry.npmjs.org/sweetalert2/-/sweetalert2-11.22.1.tgz",
      "integrity": "sha512-3dGb50jlfcJ0OHZ5D4hJWK/cIYAfCnxK5QQVndOJqhyiCYJozINEfHG7wvRbkACj60hDnPWu+t9EFcbYWaSEuQ==",
      "license": "MIT",
      "funding": {
        "type": "individual",
        "url": "https://github.com/sponsors/limonte"
      }
    }
  }
}
